// !$*UTF8*$!
{
	archiveVersion = 1;
	classes = {
	};
	objectVersion = 50;
	objects = {

/* Begin PBXBuildFile section */
		F74D22B924AF773E0014D0F7 /* AppDelegate.swift in Sources */ = {isa = PBXBuildFile; fileRef = F74D22B824AF773E0014D0F7 /* AppDelegate.swift */; };
		F74D22BB24AF773E0014D0F7 /* SceneDelegate.swift in Sources */ = {isa = PBXBuildFile; fileRef = F74D22BA24AF773E0014D0F7 /* SceneDelegate.swift */; };
		F74D22C024AF773E0014D0F7 /* Main.storyboard in Resources */ = {isa = PBXBuildFile; fileRef = F74D22BE24AF773E0014D0F7 /* Main.storyboard */; };
		F74D22C324AF773E0014D0F7 /* MemoApp.xcdatamodeld in Sources */ = {isa = PBXBuildFile; fileRef = F74D22C124AF773E0014D0F7 /* MemoApp.xcdatamodeld */; };
		F74D22C524AF773F0014D0F7 /* Assets.xcassets in Resources */ = {isa = PBXBuildFile; fileRef = F74D22C424AF773F0014D0F7 /* Assets.xcassets */; };
		F74D22C824AF773F0014D0F7 /* LaunchScreen.storyboard in Resources */ = {isa = PBXBuildFile; fileRef = F74D22C624AF773F0014D0F7 /* LaunchScreen.storyboard */; };
		F74D22D024AF79FF0014D0F7 /* MemoListTableViewController.swift in Sources */ = {isa = PBXBuildFile; fileRef = F74D22CF24AF79FF0014D0F7 /* MemoListTableViewController.swift */; };
		F74D22D324AF80EC0014D0F7 /* Model.swift in Sources */ = {isa = PBXBuildFile; fileRef = F74D22D224AF80EC0014D0F7 /* Model.swift */; };
		F74D22D524B0DCA30014D0F7 /* ComposeViewController.swift in Sources */ = {isa = PBXBuildFile; fileRef = F74D22D424B0DCA30014D0F7 /* ComposeViewController.swift */; };
		F74D22D724B0DEF80014D0F7 /* UIViewController+Alert.swift in Sources */ = {isa = PBXBuildFile; fileRef = F74D22D624B0DEF80014D0F7 /* UIViewController+Alert.swift */; };
/* End PBXBuildFile section */

/* Begin PBXFileReference section */
		F74D22B524AF773E0014D0F7 /* MemoApp.app */ = {isa = PBXFileReference; explicitFileType = wrapper.application; includeInIndex = 0; path = MemoApp.app; sourceTree = BUILT_PRODUCTS_DIR; };
		F74D22B824AF773E0014D0F7 /* AppDelegate.swift */ = {isa = PBXFileReference; lastKnownFileType = sourcecode.swift; path = AppDelegate.swift; sourceTree = "<group>"; };
		F74D22BA24AF773E0014D0F7 /* SceneDelegate.swift */ = {isa = PBXFileReference; lastKnownFileType = sourcecode.swift; path = SceneDelegate.swift; sourceTree = "<group>"; };
		F74D22BF24AF773E0014D0F7 /* Base */ = {isa = PBXFileReference; lastKnownFileType = file.storyboard; name = Base; path = Base.lproj/Main.storyboard; sourceTree = "<group>"; };
		F74D22C224AF773E0014D0F7 /* MemoApp.xcdatamodel */ = {isa = PBXFileReference; lastKnownFileType = wrapper.xcdatamodel; path = MemoApp.xcdatamodel; sourceTree = "<group>"; };
		F74D22C424AF773F0014D0F7 /* Assets.xcassets */ = {isa = PBXFileReference; lastKnownFileType = folder.assetcatalog; path = Assets.xcassets; sourceTree = "<group>"; };
		F74D22C724AF773F0014D0F7 /* Base */ = {isa = PBXFileReference; lastKnownFileType = file.storyboard; name = Base; path = Base.lproj/LaunchScreen.storyboard; sourceTree = "<group>"; };
		F74D22C924AF773F0014D0F7 /* Info.plist */ = {isa = PBXFileReference; lastKnownFileType = text.plist.xml; path = Info.plist; sourceTree = "<group>"; };
		F74D22CF24AF79FF0014D0F7 /* MemoListTableViewController.swift */ = {isa = PBXFileReference; lastKnownFileType = sourcecode.swift; path = MemoListTableViewController.swift; sourceTree = "<group>"; };
		F74D22D224AF80EC0014D0F7 /* Model.swift */ = {isa = PBXFileReference; lastKnownFileType = sourcecode.swift; path = Model.swift; sourceTree = "<group>"; };
		F74D22D424B0DCA30014D0F7 /* ComposeViewController.swift */ = {isa = PBXFileReference; lastKnownFileType = sourcecode.swift; path = ComposeViewController.swift; sourceTree = "<group>"; };
		F74D22D624B0DEF80014D0F7 /* UIViewController+Alert.swift */ = {isa = PBXFileReference; lastKnownFileType = sourcecode.swift; path = "UIViewController+Alert.swift"; sourceTree = "<group>"; };
/* End PBXFileReference section */

/* Begin PBXFrameworksBuildPhase section */
		F74D22B224AF773E0014D0F7 /* Frameworks */ = {
			isa = PBXFrameworksBuildPhase;
			buildActionMask = 2147483647;
			files = (
			);
			runOnlyForDeploymentPostprocessing = 0;
		};
/* End PBXFrameworksBuildPhase section */

/* Begin PBXGroup section */
		F74D22AC24AF773E0014D0F7 = {
			isa = PBXGroup;
			children = (
				F74D22B724AF773E0014D0F7 /* MemoApp */,
				F74D22B624AF773E0014D0F7 /* Products */,
			);
			sourceTree = "<group>";
		};
		F74D22B624AF773E0014D0F7 /* Products */ = {
			isa = PBXGroup;
			children = (
				F74D22B524AF773E0014D0F7 /* MemoApp.app */,
			);
			name = Products;
			sourceTree = "<group>";
		};
		F74D22B724AF773E0014D0F7 /* MemoApp */ = {
			isa = PBXGroup;
			children = (
				F74D22D124AF80AE0014D0F7 /* Memo */,
				F74D22B824AF773E0014D0F7 /* AppDelegate.swift */,
				F74D22BA24AF773E0014D0F7 /* SceneDelegate.swift */,
				F74D22BE24AF773E0014D0F7 /* Main.storyboard */,
				F74D22C424AF773F0014D0F7 /* Assets.xcassets */,
				F74D22C624AF773F0014D0F7 /* LaunchScreen.storyboard */,
				F74D22C924AF773F0014D0F7 /* Info.plist */,
				F74D22C124AF773E0014D0F7 /* MemoApp.xcdatamodeld */,
				F74D22CF24AF79FF0014D0F7 /* MemoListTableViewController.swift */,
				F74D22D424B0DCA30014D0F7 /* ComposeViewController.swift */,
				F74D22D624B0DEF80014D0F7 /* UIViewController+Alert.swift */,
			);
			path = MemoApp;
			sourceTree = "<group>";
		};
		F74D22D124AF80AE0014D0F7 /* Memo */ = {
			isa = PBXGroup;
			children = (
				F74D22D224AF80EC0014D0F7 /* Model.swift */,
			);
			path = Memo;
			sourceTree = "<group>";
		};
/* End PBXGroup section */

/* Begin PBXNativeTarget section */
		F74D22B424AF773E0014D0F7 /* MemoApp */ = {
			isa = PBXNativeTarget;
			buildConfigurationList = F74D22CC24AF773F0014D0F7 /* Build configuration list for PBXNativeTarget "MemoApp" */;
			buildPhases = (
				F74D22B124AF773E0014D0F7 /* Sources */,
				F74D22B224AF773E0014D0F7 /* Frameworks */,
				F74D22B324AF773E0014D0F7 /* Resources */,
			);
			buildRules = (
			);
			dependencies = (
			);
			name = MemoApp;
			productName = MemoApp;
			productReference = F74D22B524AF773E0014D0F7 /* MemoApp.app */;
			productType = "com.apple.product-type.application";
		};
/* End PBXNativeTarget section */

/* Begin PBXProject section */
		F74D22AD24AF773E0014D0F7 /* Project object */ = {
			isa = PBXProject;
			attributes = {
				LastSwiftUpdateCheck = 1150;
				LastUpgradeCheck = 1150;
				ORGANIZATIONNAME = jaynam;
				TargetAttributes = {
					F74D22B424AF773E0014D0F7 = {
						CreatedOnToolsVersion = 11.5;
					};
				};
			};
			buildConfigurationList = F74D22B024AF773E0014D0F7 /* Build configuration list for PBXProject "MemoApp" */;
			compatibilityVersion = "Xcode 9.3";
			developmentRegion = en;
			hasScannedForEncodings = 0;
			knownRegions = (
				en,
				Base,
			);
			mainGroup = F74D22AC24AF773E0014D0F7;
			productRefGroup = F74D22B624AF773E0014D0F7 /* Products */;
			projectDirPath = "";
			projectRoot = "";
			targets = (
				F74D22B424AF773E0014D0F7 /* MemoApp */,
			);
		};
/* End PBXProject section */

/* Begin PBXResourcesBuildPhase section */
		F74D22B324AF773E0014D0F7 /* Resources */ = {
			isa = PBXResourcesBuildPhase;
			buildActionMask = 2147483647;
			files = (
				F74D22C824AF773F0014D0F7 /* LaunchScreen.storyboard in Resources */,
				F74D22C524AF773F0014D0F7 /* Assets.xcassets in Resources */,
				F74D22C024AF773E0014D0F7 /* Main.storyboard in Resources */,
			);
			runOnlyForDeploymentPostprocessing = 0;
		};
/* End PBXResourcesBuildPhase section */

/* Begin PBXSourcesBuildPhase section */
		F74D22B124AF773E0014D0F7 /* Sources */ = {
			isa = PBXSourcesBuildPhase;
			buildActionMask = 2147483647;
			files = (
				F74D22D524B0DCA30014D0F7 /* ComposeViewController.swift in Sources */,
				F74D22D324AF80EC0014D0F7 /* Model.swift in Sources */,
				F74D22B924AF773E0014D0F7 /* AppDelegate.swift in Sources */,
				F74D22D024AF79FF0014D0F7 /* MemoListTableViewController.swift in Sources */,
				F74D22BB24AF773E0014D0F7 /* SceneDelegate.swift in Sources */,
				F74D22C324AF773E0014D0F7 /* MemoApp.xcdatamodeld in Sources */,
				F74D22D724B0DEF80014D0F7 /* UIViewController+Alert.swift in Sources */,
			);
			runOnlyForDeploymentPostprocessing = 0;
		};
/* End PBXSourcesBuildPhase section */

/* Begin PBXVariantGroup section */
		F74D22BE24AF773E0014D0F7 /* Main.storyboard */ = {
			isa = PBXVariantGroup;
			children = (
				F74D22BF24AF773E0014D0F7 /* Base */,
			);
			name = Main.storyboard;
			sourceTree = "<group>";
		};
		F74D22C624AF773F0014D0F7 /* LaunchScreen.storyboard */ = {
			isa = PBXVariantGroup;
			children = (
				F74D22C724AF773F0014D0F7 /* Base */,
			);
			name = LaunchScreen.storyboard;
			sourceTree = "<group>";
		};
/* End PBXVariantGroup section */

/* Begin XCBuildConfiguration section */
		F74D22CA24AF773F0014D0F7 /* Debug */ = {
			isa = XCBuildConfiguration;
			buildSettings = {
				ALWAYS_SEARCH_USER_PATHS = NO;
				CLANG_ANALYZER_NONNULL = YES;
				CLANG_ANALYZER_NUMBER_OBJECT_CONVERSION = YES_AGGRESSIVE;
				CLANG_CXX_LANGUAGE_STANDARD = "gnu++14";
				CLANG_CXX_LIBRARY = "libc++";
				CLANG_ENABLE_MODULES = YES;
				CLANG_ENABLE_OBJC_ARC = YES;
				CLANG_ENABLE_OBJC_WEAK = YES;
				CLANG_WARN_BLOCK_CAPTURE_AUTORELEASING = YES;
				CLANG_WARN_BOOL_CONVERSION = YES;
				CLANG_WARN_COMMA = YES;
				CLANG_WARN_CONSTANT_CONVERSION = YES;
				CLANG_WARN_DEPRECATED_OBJC_IMPLEMENTATIONS = YES;
				CLANG_WARN_DIRECT_OBJC_ISA_USAGE = YES_ERROR;
				CLANG_WARN_DOCUMENTATION_COMMENTS = YES;
				CLANG_WARN_EMPTY_BODY = YES;
				CLANG_WARN_ENUM_CONVERSION = YES;
				CLANG_WARN_INFINITE_RECURSION = YES;
				CLANG_WARN_INT_CONVERSION = YES;
				CLANG_WARN_NON_LITERAL_NULL_CONVERSION = YES;
				CLANG_WARN_OBJC_IMPLICIT_RETAIN_SELF = YES;
				CLANG_WARN_OBJC_LITERAL_CONVERSION = YES;
				CLANG_WARN_OBJC_ROOT_CLASS = YES_ERROR;
				CLANG_WARN_RANGE_LOOP_ANALYSIS = YES;
				CLANG_WARN_STRICT_PROTOTYPES = YES;
				CLANG_WARN_SUSPICIOUS_MOVE = YES;
				CLANG_WARN_UNGUARDED_AVAILABILITY = YES_AGGRESSIVE;
				CLANG_WARN_UNREACHABLE_CODE = YES;
				CLANG_WARN__DUPLICATE_METHOD_MATCH = YES;
				COPY_PHASE_STRIP = NO;
				DEBUG_INFORMATION_FORMAT = dwarf;
				ENABLE_STRICT_OBJC_MSGSEND = YES;
				ENABLE_TESTABILITY = YES;
				GCC_C_LANGUAGE_STANDARD = gnu11;
				GCC_DYNAMIC_NO_PIC = NO;
				GCC_NO_COMMON_BLOCKS = YES;
				GCC_OPTIMIZATION_LEVEL = 0;
				GCC_PREPROCESSOR_DEFINITIONS = (
					"DEBUG=1",
					"$(inherited)",
				);
				GCC_WARN_64_TO_32_BIT_CONVERSION = YES;
				GCC_WARN_ABOUT_RETURN_TYPE = YES_ERROR;
				GCC_WARN_UNDECLARED_SELECTOR = YES;
				GCC_WARN_UNINITIALIZED_AUTOS = YES_AGGRESSIVE;
				GCC_WARN_UNUSED_FUNCTION = YES;
				GCC_WARN_UNUSED_VARIABLE = YES;
				IPHONEOS_DEPLOYMENT_TARGET = 13.5;
				MTL_ENABLE_DEBUG_INFO = INCLUDE_SOURCE;
				MTL_FAST_MATH = YES;
				ONLY_ACTIVE_ARCH = YES;
				SDKROOT = iphoneos;
				SWIFT_ACTIVE_COMPILATION_CONDITIONS = DEBUG;
				SWIFT_OPTIMIZATION_LEVEL = "-Onone";
			};
			name = Debug;
		};
		F74D22CB24AF773F0014D0F7 /* Release */ = {
			isa = XCBuildConfiguration;
			buildSettings = {
				ALWAYS_SEARCH_USER_PATHS = NO;
				CLANG_ANALYZER_NONNULL = YES;
				CLANG_ANALYZER_NUMBER_OBJECT_CONVERSION = YES_AGGRESSIVE;
				CLANG_CXX_LANGUAGE_STANDARD = "gnu++14";
				CLANG_CXX_LIBRARY = "libc++";
				CLANG_ENABLE_MODULES = YES;
				CLANG_ENABLE_OBJC_ARC = YES;
				CLANG_ENABLE_OBJC_WEAK = YES;
				CLANG_WARN_BLOCK_CAPTURE_AUTORELEASING = YES;
				CLANG_WARN_BOOL_CONVERSION = YES;
				CLANG_WARN_COMMA = YES;
				CLANG_WARN_CONSTANT_CONVERSION = YES;
				CLANG_WARN_DEPRECATED_OBJC_IMPLEMENTATIONS = YES;
				CLANG_WARN_DIRECT_OBJC_ISA_USAGE = YES_ERROR;
				CLANG_WARN_DOCUMENTATION_COMMENTS = YES;
				CLANG_WARN_EMPTY_BODY = YES;
				CLANG_WARN_ENUM_CONVERSION = YES;
				CLANG_WARN_INFINITE_RECURSION = YES;
				CLANG_WARN_INT_CONVERSION = YES;
				CLANG_WARN_NON_LITERAL_NULL_CONVERSION = YES;
				CLANG_WARN_OBJC_IMPLICIT_RETAIN_SELF = YES;
				CLANG_WARN_OBJC_LITERAL_CONVERSION = YES;
				CLANG_WARN_OBJC_ROOT_CLASS = YES_ERROR;
				CLANG_WARN_RANGE_LOOP_ANALYSIS = YES;
				CLANG_WARN_STRICT_PROTOTYPES = YES;
				CLANG_WARN_SUSPICIOUS_MOVE = YES;
				CLANG_WARN_UNGUARDED_AVAILABILITY = YES_AGGRESSIVE;
				CLANG_WARN_UNREACHABLE_CODE = YES;
				CLANG_WARN__DUPLICATE_METHOD_MATCH = YES;
				COPY_PHASE_STRIP = NO;
				DEBUG_INFORMATION_FORMAT = "dwarf-with-dsym";
				ENABLE_NS_ASSERTIONS = NO;
				ENABLE_STRICT_OBJC_MSGSEND = YES;
				GCC_C_LANGUAGE_STANDARD = gnu11;
				GCC_NO_COMMON_BLOCKS = YES;
				GCC_WARN_64_TO_32_BIT_CONVERSION = YES;
				GCC_WARN_ABOUT_RETURN_TYPE = YES_ERROR;
				GCC_WARN_UNDECLARED_SELECTOR = YES;
				GCC_WARN_UNINITIALIZED_AUTOS = YES_AGGRESSIVE;
				GCC_WARN_UNUSED_FUNCTION = YES;
				GCC_WARN_UNUSED_VARIABLE = YES;
				IPHONEOS_DEPLOYMENT_TARGET = 13.5;
				MTL_ENABLE_DEBUG_INFO = NO;
				MTL_FAST_MATH = YES;
				SDKROOT = iphoneos;
				SWIFT_COMPILATION_MODE = wholemodule;
				SWIFT_OPTIMIZATION_LEVEL = "-O";
				VALIDATE_PRODUCT = YES;
			};
			name = Release;
		};
		F74D22CD24AF773F0014D0F7 /* Debug */ = {
			isa = XCBuildConfiguration;
			buildSettings = {
				ASSETCATALOG_COMPILER_APPICON_NAME = AppIcon;
				CODE_SIGN_IDENTITY = "Apple Development";
				CODE_SIGN_STYLE = Automatic;
				DEVELOPMENT_TEAM = "";
				INFOPLIST_FILE = MemoApp/Info.plist;
				IPHONEOS_DEPLOYMENT_TARGET = 12.0;
				LD_RUNPATH_SEARCH_PATHS = (
					"$(inherited)",
					"@executable_path/Frameworks",
				);
				PRODUCT_BUNDLE_IDENTIFIER = com.jaynam.MemoApp;
				PRODUCT_NAME = "$(TARGET_NAME)";
				PROVISIONING_PROFILE_SPECIFIER = "";
				SWIFT_VERSION = 5.0;
				TARGETED_DEVICE_FAMILY = "1,2";
			};
			name = Debug;
		};
		F74D22CE24AF773F0014D0F7 /* Release */ = {
			isa = XCBuildConfiguration;
			buildSettings = {
				ASSETCATALOG_COMPILER_APPICON_NAME = AppIcon;
				CODE_SIGN_IDENTITY = "Apple Development";
				CODE_SIGN_STYLE = Automatic;
				DEVELOPMENT_TEAM = "";
				INFOPLIST_FILE = MemoApp/Info.plist;
				IPHONEOS_DEPLOYMENT_TARGET = 12.0;
				LD_RUNPATH_SEARCH_PATHS = (
					"$(inherited)",
					"@executable_path/Frameworks",
				);
				PRODUCT_BUNDLE_IDENTIFIER = com.jaynam.MemoApp;
				PRODUCT_NAME = "$(TARGET_NAME)";
				PROVISIONING_PROFILE_SPECIFIER = "";
				SWIFT_VERSION = 5.0;
				TARGETED_DEVICE_FAMILY = "1,2";
			};
			name = Release;
		};
/* End XCBuildConfiguration section */

/* Begin XCConfigurationList section */
		F74D22B024AF773E0014D0F7 /* Build configuration list for PBXProject "MemoApp" */ = {
			isa = XCConfigurationList;
			buildConfigurations = (
				F74D22CA24AF773F0014D0F7 /* Debug */,
				F74D22CB24AF773F0014D0F7 /* Release */,
			);
			defaultConfigurationIsVisible = 0;
			defaultConfigurationName = Release;
		};
		F74D22CC24AF773F0014D0F7 /* Build configuration list for PBXNativeTarget "MemoApp" */ = {
			isa = XCConfigurationList;
			buildConfigurations = (
				F74D22CD24AF773F0014D0F7 /* Debug */,
				F74D22CE24AF773F0014D0F7 /* Release */,
			);
			defaultConfigurationIsVisible = 0;
			defaultConfigurationName = Release;
		};
/* End XCConfigurationList section */

/* Begin XCVersionGroup section */
		F74D22C124AF773E0014D0F7 /* MemoApp.xcdatamodeld */ = {
			isa = XCVersionGroup;
			children = (
				F74D22C224AF773E0014D0F7 /* MemoApp.xcdatamodel */,
			);
			currentVersion = F74D22C224AF773E0014D0F7 /* MemoApp.xcdatamodel */;
			path = MemoApp.xcdatamodeld;
			sourceTree = "<group>";
			versionGroupType = wrapper.xcdatamodel;
		};
/* End XCVersionGroup section */
	};
	rootObject = F74D22AD24AF773E0014D0F7 /* Project object */;
}
